
Microsoft Visual Studio Solution File, Format Version 12.00
# Visual Studio Version 17
VisualStudioVersion = 17.3.32811.315
MinimumVisualStudioVersion = 10.0.40219.1
Project("{9A19103F-16F7-4668-BE54-9A1E7A4F7556}") = "ServerlessTimers.Application", "ServerlessTimers.Application\ServerlessTimers.Application.csproj", "{918B2D5A-8C5D-424D-A366-8F86569522CA}"
EndProject
Project("{9A19103F-16F7-4668-BE54-9A1E7A4F7556}") = "ServerlessTimers.Domain", "ServerlessTimers.Domain\ServerlessTimers.Domain.csproj", "{6D1834EC-0723-42FD-897B-1569DF1DF254}"
EndProject
Project("{9A19103F-16F7-4668-BE54-9A1E7A4F7556}") = "ServerlessTimers.Infrastructure", "ServerlessTimers.Infrastructure\ServerlessTimers.Infrastructure.csproj", "{44747F01-FCFD-475B-A5B7-9A03D4083F2F}"
EndProject
Project("{2150E333-8FDC-42A3-9474-1A3956D46DE8}") = "Solution Items", "Solution Items", "{A7E081D8-6BCB-4FBE-8758-80DC8A2C2554}"
	ProjectSection(SolutionItems) = preProject
		..\..\.editorconfig = ..\..\.editorconfig
	EndProjectSection
EndProject
Global
	GlobalSection(SolutionConfigurationPlatforms) = preSolution
		Debug|Any CPU = Debug|Any CPU
		Release|Any CPU = Release|Any CPU
	EndGlobalSection
	GlobalSection(ProjectConfigurationPlatforms) = postSolution
		{918B2D5A-8C5D-424D-A366-8F86569522CA}.Debug|Any CPU.ActiveCfg = Debug|Any CPU
		{918B2D5A-8C5D-424D-A366-8F86569522CA}.Debug|Any CPU.Build.0 = Debug|Any CPU
		{918B2D5A-8C5D-424D-A366-8F86569522CA}.Release|Any CPU.ActiveCfg = Release|Any CPU
		{918B2D5A-8C5D-424D-A366-8F86569522CA}.Release|Any CPU.Build.0 = Release|Any CPU
		{6D1834EC-0723-42FD-897B-1569DF1DF254}.Debug|Any CPU.ActiveCfg = Debug|Any CPU
		{6D1834EC-0723-42FD-897B-1569DF1DF254}.Debug|Any CPU.Build.0 = Debug|Any CPU
		{6D1834EC-0723-42FD-897B-1569DF1DF254}.Release|Any CPU.ActiveCfg = Release|Any CPU
		{6D1834EC-0723-42FD-897B-1569DF1DF254}.Release|Any CPU.Build.0 = Release|Any CPU
		{44747F01-FCFD-475B-A5B7-9A03D4083F2F}.Debug|Any CPU.ActiveCfg = Debug|Any CPU
		{44747F01-FCFD-475B-A5B7-9A03D4083F2F}.Debug|Any CPU.Build.0 = Debug|Any CPU
		{44747F01-FCFD-475B-A5B7-9A03D4083F2F}.Release|Any CPU.ActiveCfg = Release|Any CPU
		{44747F01-FCFD-475B-A5B7-9A03D4083F2F}.Release|Any CPU.Build.0 = Release|Any CPU
	EndGlobalSection
	GlobalSection(SolutionProperties) = preSolution
		HideSolutionNode = FALSE
	EndGlobalSection
	GlobalSection(ExtensibilityGlobals) = postSolution
		SolutionGuid = {5DD9B6DC-1E24-43A2-99ED-27BFD5C5D77A}
	EndGlobalSection
EndGlobal
